
Microsoft Visual Studio Solution File, Format Version 12.00
# Visual Studio Version 17
VisualStudioVersion = 17.8.34525.116
MinimumVisualStudioVersion = 10.0.40219.1
Project("{FAE04EC0-301F-11D3-BF4B-00C04F79EFBC}") = "MessengerClient", "MessengerClient\MessengerClient.csproj", "{76BF1B00-A2EA-467C-B979-CCCB2111FB6F}"
EndProject
Global
	GlobalSection(SolutionConfigurationPlatforms) = preSolution
		Debug|Any CPU = Debug|Any CPU
		Release|Any CPU = Release|Any CPU
	EndGlobalSection
	GlobalSection(ProjectConfigurationPlatforms) = postSolution
		{76BF1B00-A2EA-467C-B979-CCCB2111FB6F}.Debug|Any CPU.ActiveCfg = Debug|Any CPU
		{76BF1B00-A2EA-467C-B979-CCCB2111FB6F}.Debug|Any CPU.Build.0 = Debug|Any CPU
		{76BF1B00-A2EA-467C-B979-CCCB2111FB6F}.Release|Any CPU.ActiveCfg = Release|Any CPU
		{76BF1B00-A2EA-467C-B979-CCCB2111FB6F}.Release|Any CPU.Build.0 = Release|Any CPU
	EndGlobalSection
	GlobalSection(SolutionProperties) = preSolution
		HideSolutionNode = FALSE
	EndGlobalSection
	GlobalSection(ExtensibilityGlobals) = postSolution
		SolutionGuid = {2C7B37B0-73C6-412D-AD11-264AE2167139}
	EndGlobalSection
EndGlobal
