
Microsoft Visual Studio Solution File, Format Version 12.00
# Visual Studio Version 17
VisualStudioVersion = 17.8.34525.116
MinimumVisualStudioVersion = 10.0.40219.1
Project("{9A19103F-16F7-4668-BE54-9A1E7A4F7556}") = "MessengerServer", "MessengerServer\MessengerServer.csproj", "{4204E1CB-695F-42A8-B26A-4C43216C274B}"
EndProject
Project("{9A19103F-16F7-4668-BE54-9A1E7A4F7556}") = "MessangerServer.Application", "MessangerServer.Application\MessangerServer.Application.csproj", "{9643EFE3-862B-48D5-A2B6-068FA2FEFF90}"
EndProject
Project("{9A19103F-16F7-4668-BE54-9A1E7A4F7556}") = "MessangerServer.Infrastructure", "MessangerServer.Infrastructure\MessangerServer.Infrastructure.csproj", "{036DBFCE-CE9B-466B-8A71-76AA7044A8DB}"
EndProject
Project("{9A19103F-16F7-4668-BE54-9A1E7A4F7556}") = "MessengerServer.Domain", "MessangerServer.Domain\MessengerServer.Domain.csproj", "{986ECAC9-F82D-48E6-A958-9F64886B9184}"
EndProject
Global
	GlobalSection(SolutionConfigurationPlatforms) = preSolution
		Debug|Any CPU = Debug|Any CPU
		Release|Any CPU = Release|Any CPU
	EndGlobalSection
	GlobalSection(ProjectConfigurationPlatforms) = postSolution
		{4204E1CB-695F-42A8-B26A-4C43216C274B}.Debug|Any CPU.ActiveCfg = Debug|Any CPU
		{4204E1CB-695F-42A8-B26A-4C43216C274B}.Debug|Any CPU.Build.0 = Debug|Any CPU
		{4204E1CB-695F-42A8-B26A-4C43216C274B}.Release|Any CPU.ActiveCfg = Release|Any CPU
		{4204E1CB-695F-42A8-B26A-4C43216C274B}.Release|Any CPU.Build.0 = Release|Any CPU
		{9643EFE3-862B-48D5-A2B6-068FA2FEFF90}.Debug|Any CPU.ActiveCfg = Debug|Any CPU
		{9643EFE3-862B-48D5-A2B6-068FA2FEFF90}.Debug|Any CPU.Build.0 = Debug|Any CPU
		{9643EFE3-862B-48D5-A2B6-068FA2FEFF90}.Release|Any CPU.ActiveCfg = Release|Any CPU
		{9643EFE3-862B-48D5-A2B6-068FA2FEFF90}.Release|Any CPU.Build.0 = Release|Any CPU
		{036DBFCE-CE9B-466B-8A71-76AA7044A8DB}.Debug|Any CPU.ActiveCfg = Debug|Any CPU
		{036DBFCE-CE9B-466B-8A71-76AA7044A8DB}.Debug|Any CPU.Build.0 = Debug|Any CPU
		{036DBFCE-CE9B-466B-8A71-76AA7044A8DB}.Release|Any CPU.ActiveCfg = Release|Any CPU
		{036DBFCE-CE9B-466B-8A71-76AA7044A8DB}.Release|Any CPU.Build.0 = Release|Any CPU
		{986ECAC9-F82D-48E6-A958-9F64886B9184}.Debug|Any CPU.ActiveCfg = Debug|Any CPU
		{986ECAC9-F82D-48E6-A958-9F64886B9184}.Debug|Any CPU.Build.0 = Debug|Any CPU
		{986ECAC9-F82D-48E6-A958-9F64886B9184}.Release|Any CPU.ActiveCfg = Release|Any CPU
		{986ECAC9-F82D-48E6-A958-9F64886B9184}.Release|Any CPU.Build.0 = Release|Any CPU
	EndGlobalSection
	GlobalSection(SolutionProperties) = preSolution
		HideSolutionNode = FALSE
	EndGlobalSection
	GlobalSection(ExtensibilityGlobals) = postSolution
		SolutionGuid = {6FA22B01-F369-4364-8130-A9CA6A6B333B}
	EndGlobalSection
EndGlobal
