
Microsoft Visual Studio Solution File, Format Version 12.00
# Visual Studio Version 17
VisualStudioVersion = 17.8.34525.116
MinimumVisualStudioVersion = 10.0.40219.1
Project("{FAE04EC0-301F-11D3-BF4B-00C04F79EFBC}") = "MessengerCore", "MessengerCore\MessengerCore.csproj", "{846E499A-1158-4AB8-A418-96BC234AE27D}"
EndProject
Global
	GlobalSection(SolutionConfigurationPlatforms) = preSolution
		Debug|Any CPU = Debug|Any CPU
		Release|Any CPU = Release|Any CPU
	EndGlobalSection
	GlobalSection(ProjectConfigurationPlatforms) = postSolution
		{846E499A-1158-4AB8-A418-96BC234AE27D}.Debug|Any CPU.ActiveCfg = Debug|Any CPU
		{846E499A-1158-4AB8-A418-96BC234AE27D}.Debug|Any CPU.Build.0 = Debug|Any CPU
		{846E499A-1158-4AB8-A418-96BC234AE27D}.Release|Any CPU.ActiveCfg = Release|Any CPU
		{846E499A-1158-4AB8-A418-96BC234AE27D}.Release|Any CPU.Build.0 = Release|Any CPU
	EndGlobalSection
	GlobalSection(SolutionProperties) = preSolution
		HideSolutionNode = FALSE
	EndGlobalSection
	GlobalSection(ExtensibilityGlobals) = postSolution
		SolutionGuid = {397AC14B-256F-425B-8D5B-1BE15E21D4EF}
	EndGlobalSection
EndGlobal
