
Microsoft Visual Studio Solution File, Format Version 12.00
# Visual Studio Version 17
VisualStudioVersion = 17.8.34525.116
MinimumVisualStudioVersion = 10.0.40219.1
Project("{9A19103F-16F7-4668-BE54-9A1E7A4F7556}") = "MessengerClientMaui", "MessengerClientMaui\MessengerClientMaui.csproj", "{2FE7F232-8074-406A-B48F-AC6391DC2AA9}"
EndProject
Project("{FAE04EC0-301F-11D3-BF4B-00C04F79EFBC}") = "MessengerClientMaui.Domain", "MessengerClientMaui.Domain\MessengerClientMaui.Domain.csproj", "{D559A9B1-779D-40AB-9B71-97BB30E003CA}"
EndProject
Global
	GlobalSection(SolutionConfigurationPlatforms) = preSolution
		Debug|Any CPU = Debug|Any CPU
		Release|Any CPU = Release|Any CPU
	EndGlobalSection
	GlobalSection(ProjectConfigurationPlatforms) = postSolution
		{2FE7F232-8074-406A-B48F-AC6391DC2AA9}.Debug|Any CPU.ActiveCfg = Debug|Any CPU
		{2FE7F232-8074-406A-B48F-AC6391DC2AA9}.Debug|Any CPU.Build.0 = Debug|Any CPU
		{2FE7F232-8074-406A-B48F-AC6391DC2AA9}.Debug|Any CPU.Deploy.0 = Debug|Any CPU
		{2FE7F232-8074-406A-B48F-AC6391DC2AA9}.Release|Any CPU.ActiveCfg = Release|Any CPU
		{2FE7F232-8074-406A-B48F-AC6391DC2AA9}.Release|Any CPU.Build.0 = Release|Any CPU
		{2FE7F232-8074-406A-B48F-AC6391DC2AA9}.Release|Any CPU.Deploy.0 = Release|Any CPU
		{D559A9B1-779D-40AB-9B71-97BB30E003CA}.Debug|Any CPU.ActiveCfg = Debug|Any CPU
		{D559A9B1-779D-40AB-9B71-97BB30E003CA}.Debug|Any CPU.Build.0 = Debug|Any CPU
		{D559A9B1-779D-40AB-9B71-97BB30E003CA}.Release|Any CPU.ActiveCfg = Release|Any CPU
		{D559A9B1-779D-40AB-9B71-97BB30E003CA}.Release|Any CPU.Build.0 = Release|Any CPU
	EndGlobalSection
	GlobalSection(SolutionProperties) = preSolution
		HideSolutionNode = FALSE
	EndGlobalSection
	GlobalSection(ExtensibilityGlobals) = postSolution
		SolutionGuid = {A74CEBF9-023C-43AB-9B5F-B267A56F2D84}
	EndGlobalSection
EndGlobal
